
Microsoft Visual Studio Solution File, Format Version 12.00
# Visual Studio Version 17
VisualStudioVersion = 17.13.35931.197
MinimumVisualStudioVersion = 10.0.40219.1
Project("{FAE04EC0-301F-11D3-BF4B-00C04F79EFBC}") = "WebAPI", "WebAPI\WebAPI.csproj", "{ED0FC988-1CB0-454E-8534-E3D40ADBA7D4}"
EndProject
Project("{FAE04EC0-301F-11D3-BF4B-00C04F79EFBC}") = "Shared", "Shared\Shared.csproj", "{803B78E5-126C-4A6B-BA9A-0AC3E0AEFD04}"
EndProject
Project("{FAE04EC0-301F-11D3-BF4B-00C04F79EFBC}") = "Entities", "Entities\Entities.csproj", "{A5F574B4-D0FD-4E28-9394-759445B8FABB}"
EndProject
Project("{FAE04EC0-301F-11D3-BF4B-00C04F79EFBC}") = "Repository", "Repository\Repository.csproj", "{BC63FACD-FE1B-4638-A98F-F19F434C2FEB}"
EndProject
Project("{FAE04EC0-301F-11D3-BF4B-00C04F79EFBC}") = "Service", "Service\Service.csproj", "{E97520FF-F005-41E0-B0AA-EBCBED8B6574}"
EndProject
Project("{FAE04EC0-301F-11D3-BF4B-00C04F79EFBC}") = "Migration", "Migration\Migration.csproj", "{1DDF2BD5-EC42-4145-AB6F-9077508EE11D}"
EndProject
Project("{FAE04EC0-301F-11D3-BF4B-00C04F79EFBC}") = "Contracts", "Contracts\Contracts.csproj", "{92C7EFC5-D49A-4DE8-A57F-26A0F83B8AA4}"
EndProject
Global
	GlobalSection(SolutionConfigurationPlatforms) = preSolution
		Debug|Any CPU = Debug|Any CPU
		Release|Any CPU = Release|Any CPU
	EndGlobalSection
	GlobalSection(ProjectConfigurationPlatforms) = postSolution
		{ED0FC988-1CB0-454E-8534-E3D40ADBA7D4}.Debug|Any CPU.ActiveCfg = Debug|Any CPU
		{ED0FC988-1CB0-454E-8534-E3D40ADBA7D4}.Debug|Any CPU.Build.0 = Debug|Any CPU
		{ED0FC988-1CB0-454E-8534-E3D40ADBA7D4}.Release|Any CPU.ActiveCfg = Release|Any CPU
		{ED0FC988-1CB0-454E-8534-E3D40ADBA7D4}.Release|Any CPU.Build.0 = Release|Any CPU
		{803B78E5-126C-4A6B-BA9A-0AC3E0AEFD04}.Debug|Any CPU.ActiveCfg = Debug|Any CPU
		{803B78E5-126C-4A6B-BA9A-0AC3E0AEFD04}.Debug|Any CPU.Build.0 = Debug|Any CPU
		{803B78E5-126C-4A6B-BA9A-0AC3E0AEFD04}.Release|Any CPU.ActiveCfg = Release|Any CPU
		{803B78E5-126C-4A6B-BA9A-0AC3E0AEFD04}.Release|Any CPU.Build.0 = Release|Any CPU
		{A5F574B4-D0FD-4E28-9394-759445B8FABB}.Debug|Any CPU.ActiveCfg = Debug|Any CPU
		{A5F574B4-D0FD-4E28-9394-759445B8FABB}.Debug|Any CPU.Build.0 = Debug|Any CPU
		{A5F574B4-D0FD-4E28-9394-759445B8FABB}.Release|Any CPU.ActiveCfg = Release|Any CPU
		{A5F574B4-D0FD-4E28-9394-759445B8FABB}.Release|Any CPU.Build.0 = Release|Any CPU
		{BC63FACD-FE1B-4638-A98F-F19F434C2FEB}.Debug|Any CPU.ActiveCfg = Debug|Any CPU
		{BC63FACD-FE1B-4638-A98F-F19F434C2FEB}.Debug|Any CPU.Build.0 = Debug|Any CPU
		{BC63FACD-FE1B-4638-A98F-F19F434C2FEB}.Release|Any CPU.ActiveCfg = Release|Any CPU
		{BC63FACD-FE1B-4638-A98F-F19F434C2FEB}.Release|Any CPU.Build.0 = Release|Any CPU
		{E97520FF-F005-41E0-B0AA-EBCBED8B6574}.Debug|Any CPU.ActiveCfg = Debug|Any CPU
		{E97520FF-F005-41E0-B0AA-EBCBED8B6574}.Debug|Any CPU.Build.0 = Debug|Any CPU
		{E97520FF-F005-41E0-B0AA-EBCBED8B6574}.Release|Any CPU.ActiveCfg = Release|Any CPU
		{E97520FF-F005-41E0-B0AA-EBCBED8B6574}.Release|Any CPU.Build.0 = Release|Any CPU
		{1DDF2BD5-EC42-4145-AB6F-9077508EE11D}.Debug|Any CPU.ActiveCfg = Debug|Any CPU
		{1DDF2BD5-EC42-4145-AB6F-9077508EE11D}.Debug|Any CPU.Build.0 = Debug|Any CPU
		{1DDF2BD5-EC42-4145-AB6F-9077508EE11D}.Release|Any CPU.ActiveCfg = Release|Any CPU
		{1DDF2BD5-EC42-4145-AB6F-9077508EE11D}.Release|Any CPU.Build.0 = Release|Any CPU
		{92C7EFC5-D49A-4DE8-A57F-26A0F83B8AA4}.Debug|Any CPU.ActiveCfg = Debug|Any CPU
		{92C7EFC5-D49A-4DE8-A57F-26A0F83B8AA4}.Debug|Any CPU.Build.0 = Debug|Any CPU
		{92C7EFC5-D49A-4DE8-A57F-26A0F83B8AA4}.Release|Any CPU.ActiveCfg = Release|Any CPU
		{92C7EFC5-D49A-4DE8-A57F-26A0F83B8AA4}.Release|Any CPU.Build.0 = Release|Any CPU
	EndGlobalSection
	GlobalSection(SolutionProperties) = preSolution
		HideSolutionNode = FALSE
	EndGlobalSection
	GlobalSection(ExtensibilityGlobals) = postSolution
		SolutionGuid = {6DA1F352-B05F-47C9-9615-A28FB325D2F6}
	EndGlobalSection
EndGlobal
